// !$*UTF8*$!
{
	archiveVersion = 1;
	classes = {
	};
	objectVersion = 56;
	objects = {

/* Begin PBXBuildFile section */
		A632807F291DBF1D00FC4337 /* ContentView.swift in Sources */ = {isa = PBXBuildFile; fileRef = A632807E291DBF1D00FC4337 /* ContentView.swift */; };
		A6328081291DBF2000FC4337 /* Assets.xcassets in Resources */ = {isa = PBXBuildFile; fileRef = A6328080291DBF2000FC4337 /* Assets.xcassets */; };
		A6328084291DBF2000FC4337 /* Preview Assets.xcassets in Resources */ = {isa = PBXBuildFile; fileRef = A6328083291DBF2000FC4337 /* Preview Assets.xcassets */; };
		A632808C291DBF3C00FC4337 /* WalletConnectSwift in Frameworks */ = {isa = PBXBuildFile; productRef = A632808B291DBF3C00FC4337 /* WalletConnectSwift */; };
		A632808E291DC4A000FC4337 /* WalletConnect.swift in Sources */ = {isa = PBXBuildFile; fileRef = A632808D291DC4A000FC4337 /* WalletConnect.swift */; };
		A6328092291DCED100FC4337 /* XMTPProto in Frameworks */ = {isa = PBXBuildFile; productRef = A6328091291DCED100FC4337 /* XMTPProto */; };
		A6328094291DCF2400FC4337 /* WalletConnection.swift in Sources */ = {isa = PBXBuildFile; fileRef = A6328093291DCF2400FC4337 /* WalletConnection.swift */; };
		A6328097291EB88300FC4337 /* ApiClient.swift in Sources */ = {isa = PBXBuildFile; fileRef = A6328096291EB88300FC4337 /* ApiClient.swift */; };
		A6328099291EB9AA00FC4337 /* Environment.swift in Sources */ = {isa = PBXBuildFile; fileRef = A6328098291EB9AA00FC4337 /* Environment.swift */; };
		A632809B291EBB3100FC4337 /* Constants.swift in Sources */ = {isa = PBXBuildFile; fileRef = A632809A291EBB3100FC4337 /* Constants.swift */; };
		A632809D291EBE2700FC4337 /* Client.swift in Sources */ = {isa = PBXBuildFile; fileRef = A632809C291EBE2700FC4337 /* Client.swift */; };
		A63280A0291EC25200FC4337 /* TextCodec.swift in Sources */ = {isa = PBXBuildFile; fileRef = A632809F291EC25200FC4337 /* TextCodec.swift */; };
		A63280A3291ECD5C00FC4337 /* secp256k1 in Frameworks */ = {isa = PBXBuildFile; productRef = A63280A2291ECD5C00FC4337 /* secp256k1 */; };
		A63280A5291EF88400FC4337 /* Authenticator.swift in Sources */ = {isa = PBXBuildFile; fileRef = A63280A4291EF88400FC4337 /* Authenticator.swift */; };
		A63280A7291EFFFC00FC4337 /* PrivateKey.swift in Sources */ = {isa = PBXBuildFile; fileRef = A63280A6291EFFFC00FC4337 /* PrivateKey.swift */; };
		A63280A9291F001400FC4337 /* PrivateKeyBundle.swift in Sources */ = {isa = PBXBuildFile; fileRef = A63280A8291F001400FC4337 /* PrivateKeyBundle.swift */; };
		A63280AB291F003900FC4337 /* WalletSigner.swift in Sources */ = {isa = PBXBuildFile; fileRef = A63280AA291F003900FC4337 /* WalletSigner.swift */; };
		A63280AD291F006000FC4337 /* Signature.swift in Sources */ = {isa = PBXBuildFile; fileRef = A63280AC291F006000FC4337 /* Signature.swift */; };
		A63280AF291F00BD00FC4337 /* PublicKey.swift in Sources */ = {isa = PBXBuildFile; fileRef = A63280AE291F00BD00FC4337 /* PublicKey.swift */; };
		A6C4EC2D2922C2EC0044996F /* SignedPublicKey.swift in Sources */ = {isa = PBXBuildFile; fileRef = A6C4EC2C2922C2EC0044996F /* SignedPublicKey.swift */; };
		A6C4EC2F2922C7180044996F /* UnsignedPublicKey.swift in Sources */ = {isa = PBXBuildFile; fileRef = A6C4EC2E2922C7180044996F /* UnsignedPublicKey.swift */; };
		A6C4EC322922C92E0044996F /* web3.swift in Frameworks */ = {isa = PBXBuildFile; productRef = A6C4EC312922C92E0044996F /* web3.swift */; };
		A6C4EC35292303190044996F /* GRPC in Frameworks */ = {isa = PBXBuildFile; productRef = A6C4EC34292303190044996F /* GRPC */; };
		A6C62859291F0753005BD0B7 /* exampleApp.swift in Sources */ = {isa = PBXBuildFile; fileRef = A6C62858291F0752005BD0B7 /* exampleApp.swift */; };
/* End PBXBuildFile section */

/* Begin PBXFileReference section */
		A6328079291DBF1D00FC4337 /* Example.app */ = {isa = PBXFileReference; explicitFileType = wrapper.application; includeInIndex = 0; path = Example.app; sourceTree = BUILT_PRODUCTS_DIR; };
		A632807E291DBF1D00FC4337 /* ContentView.swift */ = {isa = PBXFileReference; lastKnownFileType = sourcecode.swift; path = ContentView.swift; sourceTree = "<group>"; };
		A6328080291DBF2000FC4337 /* Assets.xcassets */ = {isa = PBXFileReference; lastKnownFileType = folder.assetcatalog; path = Assets.xcassets; sourceTree = "<group>"; };
		A6328083291DBF2000FC4337 /* Preview Assets.xcassets */ = {isa = PBXFileReference; lastKnownFileType = folder.assetcatalog; path = "Preview Assets.xcassets"; sourceTree = "<group>"; };
		A632808D291DC4A000FC4337 /* WalletConnect.swift */ = {isa = PBXFileReference; lastKnownFileType = sourcecode.swift; path = WalletConnect.swift; sourceTree = "<group>"; };
		A632808F291DC80100FC4337 /* Info.plist */ = {isa = PBXFileReference; lastKnownFileType = text.plist; path = Info.plist; sourceTree = "<group>"; };
		A6328093291DCF2400FC4337 /* WalletConnection.swift */ = {isa = PBXFileReference; lastKnownFileType = sourcecode.swift; path = WalletConnection.swift; sourceTree = "<group>"; };
		A6328096291EB88300FC4337 /* ApiClient.swift */ = {isa = PBXFileReference; lastKnownFileType = sourcecode.swift; path = ApiClient.swift; sourceTree = "<group>"; };
		A6328098291EB9AA00FC4337 /* Environment.swift */ = {isa = PBXFileReference; lastKnownFileType = sourcecode.swift; path = Environment.swift; sourceTree = "<group>"; };
		A632809A291EBB3100FC4337 /* Constants.swift */ = {isa = PBXFileReference; lastKnownFileType = sourcecode.swift; path = Constants.swift; sourceTree = "<group>"; };
		A632809C291EBE2700FC4337 /* Client.swift */ = {isa = PBXFileReference; lastKnownFileType = sourcecode.swift; path = Client.swift; sourceTree = "<group>"; };
		A632809F291EC25200FC4337 /* TextCodec.swift */ = {isa = PBXFileReference; lastKnownFileType = sourcecode.swift; path = TextCodec.swift; sourceTree = "<group>"; };
		A63280A4291EF88400FC4337 /* Authenticator.swift */ = {isa = PBXFileReference; lastKnownFileType = sourcecode.swift; path = Authenticator.swift; sourceTree = "<group>"; };
		A63280A6291EFFFC00FC4337 /* PrivateKey.swift */ = {isa = PBXFileReference; lastKnownFileType = sourcecode.swift; path = PrivateKey.swift; sourceTree = "<group>"; };
		A63280A8291F001400FC4337 /* PrivateKeyBundle.swift */ = {isa = PBXFileReference; lastKnownFileType = sourcecode.swift; path = PrivateKeyBundle.swift; sourceTree = "<group>"; };
		A63280AA291F003900FC4337 /* WalletSigner.swift */ = {isa = PBXFileReference; lastKnownFileType = sourcecode.swift; path = WalletSigner.swift; sourceTree = "<group>"; };
		A63280AC291F006000FC4337 /* Signature.swift */ = {isa = PBXFileReference; lastKnownFileType = sourcecode.swift; path = Signature.swift; sourceTree = "<group>"; };
		A63280AE291F00BD00FC4337 /* PublicKey.swift */ = {isa = PBXFileReference; lastKnownFileType = sourcecode.swift; path = PublicKey.swift; sourceTree = "<group>"; };
		A6C4EC2C2922C2EC0044996F /* SignedPublicKey.swift */ = {isa = PBXFileReference; lastKnownFileType = sourcecode.swift; path = SignedPublicKey.swift; sourceTree = "<group>"; };
		A6C4EC2E2922C7180044996F /* UnsignedPublicKey.swift */ = {isa = PBXFileReference; lastKnownFileType = sourcecode.swift; path = UnsignedPublicKey.swift; sourceTree = "<group>"; };
		A6C62858291F0752005BD0B7 /* exampleApp.swift */ = {isa = PBXFileReference; fileEncoding = 4; lastKnownFileType = sourcecode.swift; name = exampleApp.swift; path = Example/exampleApp.swift; sourceTree = "<group>"; };
/* End PBXFileReference section */

/* Begin PBXFrameworksBuildPhase section */
		A6328076291DBF1D00FC4337 /* Frameworks */ = {
			isa = PBXFrameworksBuildPhase;
			buildActionMask = 2147483647;
			files = (
				A6328092291DCED100FC4337 /* XMTPProto in Frameworks */,
				A6C4EC35292303190044996F /* GRPC in Frameworks */,
				A63280A3291ECD5C00FC4337 /* secp256k1 in Frameworks */,
				A6C4EC322922C92E0044996F /* web3.swift in Frameworks */,
				A632808C291DBF3C00FC4337 /* WalletConnectSwift in Frameworks */,
			);
			runOnlyForDeploymentPostprocessing = 0;
		};
/* End PBXFrameworksBuildPhase section */

/* Begin PBXGroup section */
		A6328070291DBF1D00FC4337 = {
			isa = PBXGroup;
			children = (
				A6C62858291F0752005BD0B7 /* exampleApp.swift */,
				A632807B291DBF1D00FC4337 /* Example */,
				A632807A291DBF1D00FC4337 /* Products */,
			);
			sourceTree = "<group>";
		};
		A632807A291DBF1D00FC4337 /* Products */ = {
			isa = PBXGroup;
			children = (
				A6328079291DBF1D00FC4337 /* Example.app */,
			);
			name = Products;
			sourceTree = "<group>";
		};
		A632807B291DBF1D00FC4337 /* Example */ = {
			isa = PBXGroup;
			children = (
				A6328095291EB87900FC4337 /* XMTP */,
				A632808F291DC80100FC4337 /* Info.plist */,
				A632807E291DBF1D00FC4337 /* ContentView.swift */,
				A6328080291DBF2000FC4337 /* Assets.xcassets */,
				A6328082291DBF2000FC4337 /* Preview Content */,
				A632808D291DC4A000FC4337 /* WalletConnect.swift */,
				A6328093291DCF2400FC4337 /* WalletConnection.swift */,
			);
			path = Example;
			sourceTree = "<group>";
		};
		A6328082291DBF2000FC4337 /* Preview Content */ = {
			isa = PBXGroup;
			children = (
				A6328083291DBF2000FC4337 /* Preview Assets.xcassets */,
			);
			path = "Preview Content";
			sourceTree = "<group>";
		};
		A6328095291EB87900FC4337 /* XMTP */ = {
			isa = PBXGroup;
			children = (
				A632809E291EC24B00FC4337 /* Codecs */,
				A6328096291EB88300FC4337 /* ApiClient.swift */,
				A6328098291EB9AA00FC4337 /* Environment.swift */,
				A632809A291EBB3100FC4337 /* Constants.swift */,
				A632809C291EBE2700FC4337 /* Client.swift */,
				A63280A4291EF88400FC4337 /* Authenticator.swift */,
				A63280A6291EFFFC00FC4337 /* PrivateKey.swift */,
				A63280A8291F001400FC4337 /* PrivateKeyBundle.swift */,
				A63280AA291F003900FC4337 /* WalletSigner.swift */,
				A63280AC291F006000FC4337 /* Signature.swift */,
				A63280AE291F00BD00FC4337 /* PublicKey.swift */,
				A6C4EC2C2922C2EC0044996F /* SignedPublicKey.swift */,
				A6C4EC2E2922C7180044996F /* UnsignedPublicKey.swift */,
			);
			path = XMTP;
			sourceTree = "<group>";
		};
		A632809E291EC24B00FC4337 /* Codecs */ = {
			isa = PBXGroup;
			children = (
				A632809F291EC25200FC4337 /* TextCodec.swift */,
			);
			path = Codecs;
			sourceTree = "<group>";
		};
/* End PBXGroup section */

/* Begin PBXNativeTarget section */
		A6328078291DBF1D00FC4337 /* Example */ = {
			isa = PBXNativeTarget;
			buildConfigurationList = A6328087291DBF2000FC4337 /* Build configuration list for PBXNativeTarget "Example" */;
			buildPhases = (
				A6328075291DBF1D00FC4337 /* Sources */,
				A6328076291DBF1D00FC4337 /* Frameworks */,
				A6328077291DBF1D00FC4337 /* Resources */,
			);
			buildRules = (
			);
			dependencies = (
			);
			name = Example;
			packageProductDependencies = (
				A632808B291DBF3C00FC4337 /* WalletConnectSwift */,
				A6328091291DCED100FC4337 /* XMTPProto */,
				A63280A2291ECD5C00FC4337 /* secp256k1 */,
				A6C4EC312922C92E0044996F /* web3.swift */,
				A6C4EC34292303190044996F /* GRPC */,
			);
			productName = web3pat;
			productReference = A6328079291DBF1D00FC4337 /* Example.app */;
			productType = "com.apple.product-type.application";
		};
/* End PBXNativeTarget section */

/* Begin PBXProject section */
		A6328071291DBF1D00FC4337 /* Project object */ = {
			isa = PBXProject;
			attributes = {
				BuildIndependentTargetsInParallel = 1;
				LastSwiftUpdateCheck = 1410;
				LastUpgradeCheck = 1410;
				TargetAttributes = {
					A6328078291DBF1D00FC4337 = {
						CreatedOnToolsVersion = 14.1;
					};
				};
			};
			buildConfigurationList = A6328074291DBF1D00FC4337 /* Build configuration list for PBXProject "Example" */;
			compatibilityVersion = "Xcode 14.0";
			developmentRegion = en;
			hasScannedForEncodings = 0;
			knownRegions = (
				en,
				Base,
			);
			mainGroup = A6328070291DBF1D00FC4337;
			packageReferences = (
				A632808A291DBF3C00FC4337 /* XCRemoteSwiftPackageReference "WalletConnectSwift" */,
				A6328090291DCED100FC4337 /* XCRemoteSwiftPackageReference "proto" */,
				A63280A1291ECD5C00FC4337 /* XCRemoteSwiftPackageReference "secp256k1" */,
				A6C4EC302922C92E0044996F /* XCRemoteSwiftPackageReference "web3" */,
				A6C4EC33292303190044996F /* XCRemoteSwiftPackageReference "grpc-swift" */,
			);
			productRefGroup = A632807A291DBF1D00FC4337 /* Products */;
			projectDirPath = "";
			projectRoot = "";
			targets = (
				A6328078291DBF1D00FC4337 /* Example */,
			);
		};
/* End PBXProject section */

/* Begin PBXResourcesBuildPhase section */
		A6328077291DBF1D00FC4337 /* Resources */ = {
			isa = PBXResourcesBuildPhase;
			buildActionMask = 2147483647;
			files = (
				A6328084291DBF2000FC4337 /* Preview Assets.xcassets in Resources */,
				A6328081291DBF2000FC4337 /* Assets.xcassets in Resources */,
			);
			runOnlyForDeploymentPostprocessing = 0;
		};
/* End PBXResourcesBuildPhase section */

/* Begin PBXSourcesBuildPhase section */
		A6328075291DBF1D00FC4337 /* Sources */ = {
			isa = PBXSourcesBuildPhase;
			buildActionMask = 2147483647;
			files = (
				A632807F291DBF1D00FC4337 /* ContentView.swift in Sources */,
				A63280AD291F006000FC4337 /* Signature.swift in Sources */,
				A6C4EC2D2922C2EC0044996F /* SignedPublicKey.swift in Sources */,
				A6328094291DCF2400FC4337 /* WalletConnection.swift in Sources */,
				A63280A9291F001400FC4337 /* PrivateKeyBundle.swift in Sources */,
				A63280A0291EC25200FC4337 /* TextCodec.swift in Sources */,
				A6328099291EB9AA00FC4337 /* Environment.swift in Sources */,
				A6C4EC2F2922C7180044996F /* UnsignedPublicKey.swift in Sources */,
				A63280A5291EF88400FC4337 /* Authenticator.swift in Sources */,
				A63280AB291F003900FC4337 /* WalletSigner.swift in Sources */,
				A632809B291EBB3100FC4337 /* Constants.swift in Sources */,
				A63280AF291F00BD00FC4337 /* PublicKey.swift in Sources */,
				A6C62859291F0753005BD0B7 /* exampleApp.swift in Sources */,
				A63280A7291EFFFC00FC4337 /* PrivateKey.swift in Sources */,
				A632808E291DC4A000FC4337 /* WalletConnect.swift in Sources */,
				A632809D291EBE2700FC4337 /* Client.swift in Sources */,
				A6328097291EB88300FC4337 /* ApiClient.swift in Sources */,
			);
			runOnlyForDeploymentPostprocessing = 0;
		};
/* End PBXSourcesBuildPhase section */

/* Begin XCBuildConfiguration section */
		A6328085291DBF2000FC4337 /* Debug */ = {
			isa = XCBuildConfiguration;
			buildSettings = {
				ALWAYS_SEARCH_USER_PATHS = NO;
				CLANG_ANALYZER_NONNULL = YES;
				CLANG_ANALYZER_NUMBER_OBJECT_CONVERSION = YES_AGGRESSIVE;
				CLANG_CXX_LANGUAGE_STANDARD = "gnu++20";
				CLANG_ENABLE_MODULES = YES;
				CLANG_ENABLE_OBJC_ARC = YES;
				CLANG_ENABLE_OBJC_WEAK = YES;
				CLANG_WARN_BLOCK_CAPTURE_AUTORELEASING = YES;
				CLANG_WARN_BOOL_CONVERSION = YES;
				CLANG_WARN_COMMA = YES;
				CLANG_WARN_CONSTANT_CONVERSION = YES;
				CLANG_WARN_DEPRECATED_OBJC_IMPLEMENTATIONS = YES;
				CLANG_WARN_DIRECT_OBJC_ISA_USAGE = YES_ERROR;
				CLANG_WARN_DOCUMENTATION_COMMENTS = YES;
				CLANG_WARN_EMPTY_BODY = YES;
				CLANG_WARN_ENUM_CONVERSION = YES;
				CLANG_WARN_INFINITE_RECURSION = YES;
				CLANG_WARN_INT_CONVERSION = YES;
				CLANG_WARN_NON_LITERAL_NULL_CONVERSION = YES;
				CLANG_WARN_OBJC_IMPLICIT_RETAIN_SELF = YES;
				CLANG_WARN_OBJC_LITERAL_CONVERSION = YES;
				CLANG_WARN_OBJC_ROOT_CLASS = YES_ERROR;
				CLANG_WARN_QUOTED_INCLUDE_IN_FRAMEWORK_HEADER = YES;
				CLANG_WARN_RANGE_LOOP_ANALYSIS = YES;
				CLANG_WARN_STRICT_PROTOTYPES = YES;
				CLANG_WARN_SUSPICIOUS_MOVE = YES;
				CLANG_WARN_UNGUARDED_AVAILABILITY = YES_AGGRESSIVE;
				CLANG_WARN_UNREACHABLE_CODE = YES;
				CLANG_WARN__DUPLICATE_METHOD_MATCH = YES;
				COPY_PHASE_STRIP = NO;
				DEBUG_INFORMATION_FORMAT = dwarf;
				ENABLE_STRICT_OBJC_MSGSEND = YES;
				ENABLE_TESTABILITY = YES;
				GCC_C_LANGUAGE_STANDARD = gnu11;
				GCC_DYNAMIC_NO_PIC = NO;
				GCC_NO_COMMON_BLOCKS = YES;
				GCC_OPTIMIZATION_LEVEL = 0;
				GCC_PREPROCESSOR_DEFINITIONS = (
					"DEBUG=1",
					"$(inherited)",
				);
				GCC_WARN_64_TO_32_BIT_CONVERSION = YES;
				GCC_WARN_ABOUT_RETURN_TYPE = YES_ERROR;
				GCC_WARN_UNDECLARED_SELECTOR = YES;
				GCC_WARN_UNINITIALIZED_AUTOS = YES_AGGRESSIVE;
				GCC_WARN_UNUSED_FUNCTION = YES;
				GCC_WARN_UNUSED_VARIABLE = YES;
				IPHONEOS_DEPLOYMENT_TARGET = 16.1;
				MTL_ENABLE_DEBUG_INFO = INCLUDE_SOURCE;
				MTL_FAST_MATH = YES;
				ONLY_ACTIVE_ARCH = YES;
				SDKROOT = iphoneos;
				SWIFT_ACTIVE_COMPILATION_CONDITIONS = DEBUG;
				SWIFT_OPTIMIZATION_LEVEL = "-Onone";
			};
			name = Debug;
		};
		A6328086291DBF2000FC4337 /* Release */ = {
			isa = XCBuildConfiguration;
			buildSettings = {
				ALWAYS_SEARCH_USER_PATHS = NO;
				CLANG_ANALYZER_NONNULL = YES;
				CLANG_ANALYZER_NUMBER_OBJECT_CONVERSION = YES_AGGRESSIVE;
				CLANG_CXX_LANGUAGE_STANDARD = "gnu++20";
				CLANG_ENABLE_MODULES = YES;
				CLANG_ENABLE_OBJC_ARC = YES;
				CLANG_ENABLE_OBJC_WEAK = YES;
				CLANG_WARN_BLOCK_CAPTURE_AUTORELEASING = YES;
				CLANG_WARN_BOOL_CONVERSION = YES;
				CLANG_WARN_COMMA = YES;
				CLANG_WARN_CONSTANT_CONVERSION = YES;
				CLANG_WARN_DEPRECATED_OBJC_IMPLEMENTATIONS = YES;
				CLANG_WARN_DIRECT_OBJC_ISA_USAGE = YES_ERROR;
				CLANG_WARN_DOCUMENTATION_COMMENTS = YES;
				CLANG_WARN_EMPTY_BODY = YES;
				CLANG_WARN_ENUM_CONVERSION = YES;
				CLANG_WARN_INFINITE_RECURSION = YES;
				CLANG_WARN_INT_CONVERSION = YES;
				CLANG_WARN_NON_LITERAL_NULL_CONVERSION = YES;
				CLANG_WARN_OBJC_IMPLICIT_RETAIN_SELF = YES;
				CLANG_WARN_OBJC_LITERAL_CONVERSION = YES;
				CLANG_WARN_OBJC_ROOT_CLASS = YES_ERROR;
				CLANG_WARN_QUOTED_INCLUDE_IN_FRAMEWORK_HEADER = YES;
				CLANG_WARN_RANGE_LOOP_ANALYSIS = YES;
				CLANG_WARN_STRICT_PROTOTYPES = YES;
				CLANG_WARN_SUSPICIOUS_MOVE = YES;
				CLANG_WARN_UNGUARDED_AVAILABILITY = YES_AGGRESSIVE;
				CLANG_WARN_UNREACHABLE_CODE = YES;
				CLANG_WARN__DUPLICATE_METHOD_MATCH = YES;
				COPY_PHASE_STRIP = NO;
				DEBUG_INFORMATION_FORMAT = "dwarf-with-dsym";
				ENABLE_NS_ASSERTIONS = NO;
				ENABLE_STRICT_OBJC_MSGSEND = YES;
				GCC_C_LANGUAGE_STANDARD = gnu11;
				GCC_NO_COMMON_BLOCKS = YES;
				GCC_WARN_64_TO_32_BIT_CONVERSION = YES;
				GCC_WARN_ABOUT_RETURN_TYPE = YES_ERROR;
				GCC_WARN_UNDECLARED_SELECTOR = YES;
				GCC_WARN_UNINITIALIZED_AUTOS = YES_AGGRESSIVE;
				GCC_WARN_UNUSED_FUNCTION = YES;
				GCC_WARN_UNUSED_VARIABLE = YES;
				IPHONEOS_DEPLOYMENT_TARGET = 16.1;
				MTL_ENABLE_DEBUG_INFO = NO;
				MTL_FAST_MATH = YES;
				SDKROOT = iphoneos;
				SWIFT_COMPILATION_MODE = wholemodule;
				SWIFT_OPTIMIZATION_LEVEL = "-O";
				VALIDATE_PRODUCT = YES;
			};
			name = Release;
		};
		A6328088291DBF2000FC4337 /* Debug */ = {
			isa = XCBuildConfiguration;
			buildSettings = {
				ASSETCATALOG_COMPILER_APPICON_NAME = AppIcon;
				ASSETCATALOG_COMPILER_GLOBAL_ACCENT_COLOR_NAME = AccentColor;
				CODE_SIGN_STYLE = Automatic;
				CURRENT_PROJECT_VERSION = 1;
				DEVELOPMENT_ASSET_PATHS = "\"Example/Preview Content\"";
				DEVELOPMENT_TEAM = Z773AM52SJ;
				ENABLE_PREVIEWS = YES;
				GENERATE_INFOPLIST_FILE = YES;
				INFOPLIST_FILE = Example/Info.plist;
				INFOPLIST_KEY_CFBundleDisplayName = "XMTP iOS";
				INFOPLIST_KEY_UIApplicationSceneManifest_Generation = YES;
				INFOPLIST_KEY_UIApplicationSupportsIndirectInputEvents = YES;
				INFOPLIST_KEY_UILaunchScreen_Generation = YES;
				INFOPLIST_KEY_UISupportedInterfaceOrientations_iPad = "UIInterfaceOrientationPortrait UIInterfaceOrientationPortraitUpsideDown UIInterfaceOrientationLandscapeLeft UIInterfaceOrientationLandscapeRight";
				INFOPLIST_KEY_UISupportedInterfaceOrientations_iPhone = "UIInterfaceOrientationPortrait UIInterfaceOrientationLandscapeLeft UIInterfaceOrientationLandscapeRight";
				LD_RUNPATH_SEARCH_PATHS = (
					"$(inherited)",
					"@executable_path/Frameworks",
				);
				MARKETING_VERSION = 1.0;
				PRODUCT_BUNDLE_IDENTIFIER = "com.xmtp.example-ios";
				PRODUCT_NAME = "$(TARGET_NAME)";
				SWIFT_EMIT_LOC_STRINGS = YES;
				SWIFT_VERSION = 5.0;
				TARGETED_DEVICE_FAMILY = "1,2";
			};
			name = Debug;
		};
		A6328089291DBF2000FC4337 /* Release */ = {
			isa = XCBuildConfiguration;
			buildSettings = {
				ASSETCATALOG_COMPILER_APPICON_NAME = AppIcon;
				ASSETCATALOG_COMPILER_GLOBAL_ACCENT_COLOR_NAME = AccentColor;
				CODE_SIGN_STYLE = Automatic;
				CURRENT_PROJECT_VERSION = 1;
				DEVELOPMENT_ASSET_PATHS = "\"Example/Preview Content\"";
				DEVELOPMENT_TEAM = Z773AM52SJ;
				ENABLE_PREVIEWS = YES;
				GENERATE_INFOPLIST_FILE = YES;
				INFOPLIST_FILE = Example/Info.plist;
				INFOPLIST_KEY_CFBundleDisplayName = "XMTP iOS";
				INFOPLIST_KEY_UIApplicationSceneManifest_Generation = YES;
				INFOPLIST_KEY_UIApplicationSupportsIndirectInputEvents = YES;
				INFOPLIST_KEY_UILaunchScreen_Generation = YES;
				INFOPLIST_KEY_UISupportedInterfaceOrientations_iPad = "UIInterfaceOrientationPortrait UIInterfaceOrientationPortraitUpsideDown UIInterfaceOrientationLandscapeLeft UIInterfaceOrientationLandscapeRight";
				INFOPLIST_KEY_UISupportedInterfaceOrientations_iPhone = "UIInterfaceOrientationPortrait UIInterfaceOrientationLandscapeLeft UIInterfaceOrientationLandscapeRight";
				LD_RUNPATH_SEARCH_PATHS = (
					"$(inherited)",
					"@executable_path/Frameworks",
				);
				MARKETING_VERSION = 1.0;
				PRODUCT_BUNDLE_IDENTIFIER = "com.xmtp.example-ios";
				PRODUCT_NAME = "$(TARGET_NAME)";
				SWIFT_EMIT_LOC_STRINGS = YES;
				SWIFT_VERSION = 5.0;
				TARGETED_DEVICE_FAMILY = "1,2";
			};
			name = Release;
		};
/* End XCBuildConfiguration section */

/* Begin XCConfigurationList section */
		A6328074291DBF1D00FC4337 /* Build configuration list for PBXProject "Example" */ = {
			isa = XCConfigurationList;
			buildConfigurations = (
				A6328085291DBF2000FC4337 /* Debug */,
				A6328086291DBF2000FC4337 /* Release */,
			);
			defaultConfigurationIsVisible = 0;
			defaultConfigurationName = Release;
		};
		A6328087291DBF2000FC4337 /* Build configuration list for PBXNativeTarget "Example" */ = {
			isa = XCConfigurationList;
			buildConfigurations = (
				A6328088291DBF2000FC4337 /* Debug */,
				A6328089291DBF2000FC4337 /* Release */,
			);
			defaultConfigurationIsVisible = 0;
			defaultConfigurationName = Release;
		};
/* End XCConfigurationList section */

/* Begin XCRemoteSwiftPackageReference section */
		A632808A291DBF3C00FC4337 /* XCRemoteSwiftPackageReference "WalletConnectSwift" */ = {
			isa = XCRemoteSwiftPackageReference;
			repositoryURL = "https://github.com/WalletConnect/WalletConnectSwift";
			requirement = {
				kind = upToNextMajorVersion;
				minimumVersion = 1.0.0;
			};
		};
		A6328090291DCED100FC4337 /* XCRemoteSwiftPackageReference "proto" */ = {
			isa = XCRemoteSwiftPackageReference;
			repositoryURL = "https://github.com/xmtp/proto";
			requirement = {
				branch = main;
				kind = branch;
			};
		};
		A63280A1291ECD5C00FC4337 /* XCRemoteSwiftPackageReference "secp256k1" */ = {
			isa = XCRemoteSwiftPackageReference;
			repositoryURL = "https://github.com/GigaBitcoin/secp256k1.swift";
			requirement = {
				kind = upToNextMajorVersion;
				minimumVersion = 0.9.2;
			};
		};
		A6C4EC302922C92E0044996F /* XCRemoteSwiftPackageReference "web3" */ = {
			isa = XCRemoteSwiftPackageReference;
			repositoryURL = "https://github.com/argentlabs/web3.swift/";
			requirement = {
				kind = upToNextMajorVersion;
				minimumVersion = 1.0.0;
			};
		};
		A6C4EC33292303190044996F /* XCRemoteSwiftPackageReference "grpc-swift" */ = {
			isa = XCRemoteSwiftPackageReference;
			repositoryURL = "https://github.com/grpc/grpc-swift";
			requirement = {
				kind = upToNextMajorVersion;
				minimumVersion = 1.0.0;
			};
		};
/* End XCRemoteSwiftPackageReference section */

/* Begin XCSwiftPackageProductDependency section */
		A632808B291DBF3C00FC4337 /* WalletConnectSwift */ = {
			isa = XCSwiftPackageProductDependency;
			package = A632808A291DBF3C00FC4337 /* XCRemoteSwiftPackageReference "WalletConnectSwift" */;
			productName = WalletConnectSwift;
		};
		A6328091291DCED100FC4337 /* XMTPProto */ = {
			isa = XCSwiftPackageProductDependency;
			package = A6328090291DCED100FC4337 /* XCRemoteSwiftPackageReference "proto" */;
			productName = XMTPProto;
		};
		A63280A2291ECD5C00FC4337 /* secp256k1 */ = {
			isa = XCSwiftPackageProductDependency;
			package = A63280A1291ECD5C00FC4337 /* XCRemoteSwiftPackageReference "secp256k1" */;
			productName = secp256k1;
		};
		A6C4EC312922C92E0044996F /* web3.swift */ = {
			isa = XCSwiftPackageProductDependency;
			package = A6C4EC302922C92E0044996F /* XCRemoteSwiftPackageReference "web3" */;
			productName = web3.swift;
		};
		A6C4EC34292303190044996F /* GRPC */ = {
			isa = XCSwiftPackageProductDependency;
			package = A6C4EC33292303190044996F /* XCRemoteSwiftPackageReference "grpc-swift" */;
			productName = GRPC;
		};
/* End XCSwiftPackageProductDependency section */
	};
	rootObject = A6328071291DBF1D00FC4337 /* Project object */;
}
