PODS:
  - BigInt (5.0.0)
  - Connect-Swift (0.5.0):
    - SwiftProtobuf (~> 1.21.0)
  - GenericJSON (2.0.2)
  - GzipSwift (5.1.1)
  - Logging (1.0.0)
  - secp256k1.swift (0.1.4)
  - SwiftProtobuf (1.21.0)
  - web3.swift (1.6.0):
    - BigInt (~> 5.0.0)
    - GenericJSON (~> 2.0)
    - Logging (~> 1.0.0)
    - secp256k1.swift (~> 0.1)
  - XMTP (0.1.1):
    - Connect-Swift
    - GzipSwift
    - web3.swift
    - XMTPRust (= 0.1.2beta-0)
  - XMTPRust (0.1.2-beta0)

DEPENDENCIES:
  - web3.swift
  - XMTP (from `../`)

SPEC REPOS:
  trunk:
    - BigInt
    - Connect-Swift
    - GenericJSON
    - GzipSwift
    - Logging
    - secp256k1.swift
    - SwiftProtobuf
    - web3.swift
    - XMTPRust

EXTERNAL SOURCES:
  XMTP:
    :path: "../"

SPEC CHECKSUMS:
  BigInt: 74b4d88367b0e819d9f77393549226d36faeb0d8
  Connect-Swift: a75380c30c1341e483012444044105ff49b6093a
  GenericJSON: 79a840eeb77030962e8cf02a62d36bd413b67626
  GzipSwift: 893f3e48e597a1a4f62fafcb6514220fcf8287fa
  Logging: 9ef4ecb546ad3169398d5a723bc9bea1c46bef26
  secp256k1.swift: a7e7a214f6db6ce5db32cc6b2b45e5c4dd633634
  SwiftProtobuf: afced68785854575756db965e9da52bbf3dc45e7
  web3.swift: 2263d1e12e121b2c42ffb63a5a7beb1acaf33959
  XMTP: 728019fe8723c98479ae09f4da82ae1c061eb632
  XMTPRust: 2c356f57f034d771717933a6127a7d51667f9843

PODFILE CHECKSUM: 34395c840d082584c6758fd1e94cb68eaeb0c270

COCOAPODS: 1.12.1
