PODS:
  - BigInt (5.0.0)
  - Connect-Swift (0.5.0):
    - SwiftProtobuf (~> 1.21.0)
  - CryptoSwift (1.6.0)
  - GenericJSON (2.0.2)
  - GzipSwift (5.1.1)
  - Logging (1.0.0)
  - secp256k1.swift (0.1.4)
  - SwiftProtobuf (1.21.0)
  - WalletConnectSwift (1.7.0):
    - CryptoSwift (~> 1.5)
  - web3.swift (1.6.0):
    - BigInt (~> 5.0.0)
    - GenericJSON (~> 2.0)
    - Logging (~> 1.0.0)
    - secp256k1.swift (~> 0.1)
  - XMTP (0.2.0):
    - Connect-Swift
    - GzipSwift
    - web3.swift
    - XMTPRust (= 0.2.0-beta0)
  - XMTPRust (0.2.0-beta0)

DEPENDENCIES:
  - WalletConnectSwift
  - web3.swift
  - XMTP (from `../`)

SPEC REPOS:
  trunk:
    - BigInt
    - Connect-Swift
    - CryptoSwift
    - GenericJSON
    - GzipSwift
    - Logging
    - secp256k1.swift
    - SwiftProtobuf
    - WalletConnectSwift
    - web3.swift
    - XMTPRust

EXTERNAL SOURCES:
  XMTP:
    :path: "../"

SPEC CHECKSUMS:
  BigInt: 74b4d88367b0e819d9f77393549226d36faeb0d8
  Connect-Swift: a75380c30c1341e483012444044105ff49b6093a
  CryptoSwift: 562f8eceb40e80796fffc668b0cad9313284cfa6
  GenericJSON: 79a840eeb77030962e8cf02a62d36bd413b67626
  GzipSwift: 893f3e48e597a1a4f62fafcb6514220fcf8287fa
  Logging: 9ef4ecb546ad3169398d5a723bc9bea1c46bef26
  secp256k1.swift: a7e7a214f6db6ce5db32cc6b2b45e5c4dd633634
  SwiftProtobuf: afced68785854575756db965e9da52bbf3dc45e7
  WalletConnectSwift: 6309bf3011b0b30e3e9d1e7449535302a9240f71
  web3.swift: 2263d1e12e121b2c42ffb63a5a7beb1acaf33959
  XMTP: 0a8f3478a8739d526404b61dfaa9538a187577c6
  XMTPRust: 7eb2da98f2bdb6d5d1a1d648dc0e9a91365ed211

PODFILE CHECKSUM: 0d36d817e59812aadf84a0f7c5c9e548fa4923c3

COCOAPODS: 1.12.1
