PODS:
  - BigInt (5.0.0)
  - Connect-Swift (0.5.0):
    - SwiftProtobuf (~> 1.21.0)
  - CryptoSwift (1.7.1)
  - GenericJSON (2.0.2)
  - GzipSwift (5.1.1)
  - KeychainAccess (4.2.2)
  - Logging (1.0.0)
  - secp256k1.swift (0.1.4)
  - SwiftProtobuf (1.21.0)
  - WalletConnectSwift (1.7.0):
    - CryptoSwift (~> 1.5)
  - web3.swift (1.6.0):
    - BigInt (~> 5.0.0)
    - GenericJSON (~> 2.0)
    - Logging (~> 1.0.0)
    - secp256k1.swift (~> 0.1)
  - XMTP (0.2.0-alpha0):
    - Connect-Swift
    - GzipSwift
    - web3.swift
    - XMTPRust (= 0.2.2-beta0)
  - XMTPRust (0.2.2-beta0)

DEPENDENCIES:
  - KeychainAccess
  - WalletConnectSwift
  - web3.swift
  - XMTP (from `../`)

SPEC REPOS:
  trunk:
    - BigInt
    - Connect-Swift
    - CryptoSwift
    - GenericJSON
    - GzipSwift
    - KeychainAccess
    - Logging
    - secp256k1.swift
    - SwiftProtobuf
    - WalletConnectSwift
    - web3.swift
    - XMTPRust

EXTERNAL SOURCES:
  XMTP:
    :path: "../"

SPEC CHECKSUMS:
  BigInt: 74b4d88367b0e819d9f77393549226d36faeb0d8
  Connect-Swift: a75380c30c1341e483012444044105ff49b6093a
  CryptoSwift: d3d18dc357932f7e6d580689e065cf1f176007c1
  GenericJSON: 79a840eeb77030962e8cf02a62d36bd413b67626
  GzipSwift: 893f3e48e597a1a4f62fafcb6514220fcf8287fa
  KeychainAccess: c0c4f7f38f6fc7bbe58f5702e25f7bd2f65abf51
  Logging: 9ef4ecb546ad3169398d5a723bc9bea1c46bef26
  secp256k1.swift: a7e7a214f6db6ce5db32cc6b2b45e5c4dd633634
  SwiftProtobuf: afced68785854575756db965e9da52bbf3dc45e7
  WalletConnectSwift: 6309bf3011b0b30e3e9d1e7449535302a9240f71
  web3.swift: 2263d1e12e121b2c42ffb63a5a7beb1acaf33959
  XMTP: 21d0ab77de34cd2ec2310d52f568f9752f2cd22c
  XMTPRust: 10f79ec17747b15d3c626984f433b4f5ce948fff

PODFILE CHECKSUM: b08ce1433b369fe0cf978eda8c1642c21fe389d6

COCOAPODS: 1.12.0
